
Microsoft Visual Studio Solution File, Format Version 12.00
# Visual Studio Version 16
VisualStudioVersion = 16.0.31605.320
MinimumVisualStudioVersion = 10.0.40219.1
Project("{FAE04EC0-301F-11D3-BF4B-00C04F79EFBC}") = "Vehicles.Common", "Vehicles.Common\Vehicles.Common.csproj", "{71FDFC03-2696-4B89-8714-C44A29D908E8}"
EndProject
Project("{FAE04EC0-301F-11D3-BF4B-00C04F79EFBC}") = "Vehicless.API", "Vehicless.API\Vehicless.API.csproj", "{EF55F74C-6842-4C64-9AA1-72139B7EE7CD}"
EndProject
Global
	GlobalSection(SolutionConfigurationPlatforms) = preSolution
		Debug|Any CPU = Debug|Any CPU
		Release|Any CPU = Release|Any CPU
	EndGlobalSection
	GlobalSection(ProjectConfigurationPlatforms) = postSolution
		{71FDFC03-2696-4B89-8714-C44A29D908E8}.Debug|Any CPU.ActiveCfg = Debug|Any CPU
		{71FDFC03-2696-4B89-8714-C44A29D908E8}.Debug|Any CPU.Build.0 = Debug|Any CPU
		{71FDFC03-2696-4B89-8714-C44A29D908E8}.Release|Any CPU.ActiveCfg = Release|Any CPU
		{71FDFC03-2696-4B89-8714-C44A29D908E8}.Release|Any CPU.Build.0 = Release|Any CPU
		{EF55F74C-6842-4C64-9AA1-72139B7EE7CD}.Debug|Any CPU.ActiveCfg = Debug|Any CPU
		{EF55F74C-6842-4C64-9AA1-72139B7EE7CD}.Debug|Any CPU.Build.0 = Debug|Any CPU
		{EF55F74C-6842-4C64-9AA1-72139B7EE7CD}.Release|Any CPU.ActiveCfg = Release|Any CPU
		{EF55F74C-6842-4C64-9AA1-72139B7EE7CD}.Release|Any CPU.Build.0 = Release|Any CPU
	EndGlobalSection
	GlobalSection(SolutionProperties) = preSolution
		HideSolutionNode = FALSE
	EndGlobalSection
	GlobalSection(ExtensibilityGlobals) = postSolution
		SolutionGuid = {F94A30C9-3E52-4114-BCA5-9F0BF2FD54E4}
	EndGlobalSection
EndGlobal
